# This file is generated by running "yarn install" inside your project.
# Manual changes might be lost - proceed with caution!

__metadata:
  version: 6
  cacheKey: 8

"@esbuild/android-arm64@npm:0.18.6":
  version: 0.18.6
  resolution: "@esbuild/android-arm64@npm:0.18.6"
  conditions: os=android & cpu=arm64
  languageName: node
  linkType: hard

"@esbuild/android-arm@npm:0.18.6":
  version: 0.18.6
  resolution: "@esbuild/android-arm@npm:0.18.6"
  conditions: os=android & cpu=arm
  languageName: node
  linkType: hard

"@esbuild/android-x64@npm:0.18.6":
  version: 0.18.6
  resolution: "@esbuild/android-x64@npm:0.18.6"
  conditions: os=android & cpu=x64
  languageName: node
  linkType: hard

"@esbuild/darwin-arm64@npm:0.18.6":
  version: 0.18.6
  resolution: "@esbuild/darwin-arm64@npm:0.18.6"
  conditions: os=darwin & cpu=arm64
  languageName: node
  linkType: hard

"@esbuild/darwin-x64@npm:0.18.6":
  version: 0.18.6
  resolution: "@esbuild/darwin-x64@npm:0.18.6"
  conditions: os=darwin & cpu=x64
  languageName: node
  linkType: hard

"@esbuild/freebsd-arm64@npm:0.18.6":
  version: 0.18.6
  resolution: "@esbuild/freebsd-arm64@npm:0.18.6"
  conditions: os=freebsd & cpu=arm64
  languageName: node
  linkType: hard

"@esbuild/freebsd-x64@npm:0.18.6":
  version: 0.18.6
  resolution: "@esbuild/freebsd-x64@npm:0.18.6"
  conditions: os=freebsd & cpu=x64
  languageName: node
  linkType: hard

"@esbuild/linux-arm64@npm:0.18.6":
  version: 0.18.6
  resolution: "@esbuild/linux-arm64@npm:0.18.6"
  conditions: os=linux & cpu=arm64
  languageName: node
  linkType: hard

"@esbuild/linux-arm@npm:0.18.6":
  version: 0.18.6
  resolution: "@esbuild/linux-arm@npm:0.18.6"
  conditions: os=linux & cpu=arm
  languageName: node
  linkType: hard

"@esbuild/linux-ia32@npm:0.18.6":
  version: 0.18.6
  resolution: "@esbuild/linux-ia32@npm:0.18.6"
  conditions: os=linux & cpu=ia32
  languageName: node
  linkType: hard

"@esbuild/linux-loong64@npm:0.18.6":
  version: 0.18.6
  resolution: "@esbuild/linux-loong64@npm:0.18.6"
  conditions: os=linux & cpu=loong64
  languageName: node
  linkType: hard

"@esbuild/linux-mips64el@npm:0.18.6":
  version: 0.18.6
  resolution: "@esbuild/linux-mips64el@npm:0.18.6"
  conditions: os=linux & cpu=mips64el
  languageName: node
  linkType: hard

"@esbuild/linux-ppc64@npm:0.18.6":
  version: 0.18.6
  resolution: "@esbuild/linux-ppc64@npm:0.18.6"
  conditions: os=linux & cpu=ppc64
  languageName: node
  linkType: hard

"@esbuild/linux-riscv64@npm:0.18.6":
  version: 0.18.6
  resolution: "@esbuild/linux-riscv64@npm:0.18.6"
  conditions: os=linux & cpu=riscv64
  languageName: node
  linkType: hard

"@esbuild/linux-s390x@npm:0.18.6":
  version: 0.18.6
  resolution: "@esbuild/linux-s390x@npm:0.18.6"
  conditions: os=linux & cpu=s390x
  languageName: node
  linkType: hard

"@esbuild/linux-x64@npm:0.18.6":
  version: 0.18.6
  resolution: "@esbuild/linux-x64@npm:0.18.6"
  conditions: os=linux & cpu=x64
  languageName: node
  linkType: hard

"@esbuild/netbsd-x64@npm:0.18.6":
  version: 0.18.6
  resolution: "@esbuild/netbsd-x64@npm:0.18.6"
  conditions: os=netbsd & cpu=x64
  languageName: node
  linkType: hard

"@esbuild/openbsd-x64@npm:0.18.6":
  version: 0.18.6
  resolution: "@esbuild/openbsd-x64@npm:0.18.6"
  conditions: os=openbsd & cpu=x64
  languageName: node
  linkType: hard

"@esbuild/sunos-x64@npm:0.18.6":
  version: 0.18.6
  resolution: "@esbuild/sunos-x64@npm:0.18.6"
  conditions: os=sunos & cpu=x64
  languageName: node
  linkType: hard

"@esbuild/win32-arm64@npm:0.18.6":
  version: 0.18.6
  resolution: "@esbuild/win32-arm64@npm:0.18.6"
  conditions: os=win32 & cpu=arm64
  languageName: node
  linkType: hard

"@esbuild/win32-ia32@npm:0.18.6":
  version: 0.18.6
  resolution: "@esbuild/win32-ia32@npm:0.18.6"
  conditions: os=win32 & cpu=ia32
  languageName: node
  linkType: hard

"@esbuild/win32-x64@npm:0.18.6":
  version: 0.18.6
  resolution: "@esbuild/win32-x64@npm:0.18.6"
  conditions: os=win32 & cpu=x64
  languageName: node
  linkType: hard

"esbuild@npm:^0.18.4":
  version: 0.18.6
  resolution: "esbuild@npm:0.18.6"
  dependencies:
    "@esbuild/android-arm": 0.18.6
    "@esbuild/android-arm64": 0.18.6
    "@esbuild/android-x64": 0.18.6
    "@esbuild/darwin-arm64": 0.18.6
    "@esbuild/darwin-x64": 0.18.6
    "@esbuild/freebsd-arm64": 0.18.6
    "@esbuild/freebsd-x64": 0.18.6
    "@esbuild/linux-arm": 0.18.6
    "@esbuild/linux-arm64": 0.18.6
    "@esbuild/linux-ia32": 0.18.6
    "@esbuild/linux-loong64": 0.18.6
    "@esbuild/linux-mips64el": 0.18.6
    "@esbuild/linux-ppc64": 0.18.6
    "@esbuild/linux-riscv64": 0.18.6
    "@esbuild/linux-s390x": 0.18.6
    "@esbuild/linux-x64": 0.18.6
    "@esbuild/netbsd-x64": 0.18.6
    "@esbuild/openbsd-x64": 0.18.6
    "@esbuild/sunos-x64": 0.18.6
    "@esbuild/win32-arm64": 0.18.6
    "@esbuild/win32-ia32": 0.18.6
    "@esbuild/win32-x64": 0.18.6
  dependenciesMeta:
    "@esbuild/android-arm":
      optional: true
    "@esbuild/android-arm64":
      optional: true
    "@esbuild/android-x64":
      optional: true
    "@esbuild/darwin-arm64":
      optional: true
    "@esbuild/darwin-x64":
      optional: true
    "@esbuild/freebsd-arm64":
      optional: true
    "@esbuild/freebsd-x64":
      optional: true
    "@esbuild/linux-arm":
      optional: true
    "@esbuild/linux-arm64":
      optional: true
    "@esbuild/linux-ia32":
      optional: true
    "@esbuild/linux-loong64":
      optional: true
    "@esbuild/linux-mips64el":
      optional: true
    "@esbuild/linux-ppc64":
      optional: true
    "@esbuild/linux-riscv64":
      optional: true
    "@esbuild/linux-s390x":
      optional: true
    "@esbuild/linux-x64":
      optional: true
    "@esbuild/netbsd-x64":
      optional: true
    "@esbuild/openbsd-x64":
      optional: true
    "@esbuild/sunos-x64":
      optional: true
    "@esbuild/win32-arm64":
      optional: true
    "@esbuild/win32-ia32":
      optional: true
    "@esbuild/win32-x64":
      optional: true
  bin:
    esbuild: bin/esbuild
  checksum: 149bf2ac5675eaff7627de521533ac93daec2f5822bbec6a02f12d61eeb80c4cccac63e124759f63bc49d18839a97c0c6d0162bcb75034dfbee106cb84df4b62
  languageName: node
  linkType: hard

"omni-extension-automatic1111@workspace:.":
  version: 0.0.0-use.local
  resolution: "omni-extension-automatic1111@workspace:."
  dependencies:
    esbuild: ^0.18.4
    typescript: ^5.1.3
  languageName: unknown
  linkType: soft

"typescript@npm:^5.1.3":
  version: 5.1.3
  resolution: "typescript@npm:5.1.3"
  bin:
    tsc: bin/tsc
    tsserver: bin/tsserver
  checksum: d9d51862d98efa46534f2800a1071a613751b1585dc78884807d0c179bcd93d6e9d4012a508e276742f5f33c480adefc52ffcafaf9e0e00ab641a14cde9a31c7
  languageName: node
  linkType: hard

"typescript@patch:typescript@^5.1.3#~builtin<compat/typescript>":
  version: 5.1.3
  resolution: "typescript@patch:typescript@npm%3A5.1.3#~builtin<compat/typescript>::version=5.1.3&hash=ad5954"
  bin:
    tsc: bin/tsc
    tsserver: bin/tsserver
  checksum: 32a25b2e128a4616f999d4ee502aabb1525d5647bc8955e6edf05d7fbc53af8aa98252e2f6ba80bcedfc0260c982b885f3c09cfac8bb65d2924f3133ad1e1e62
  languageName: node
  linkType: hard
